
Microsoft Visual Studio Solution File, Format Version 12.00
# Visual Studio Version 17
VisualStudioVersion = 17.12.35527.113
MinimumVisualStudioVersion = 10.0.40219.1
Project("{FAE04EC0-301F-11D3-BF4B-00C04F79EFBC}") = "ControllerApi.Template", "ControllerBasedApi\ControllerApi.Template.csproj", "{39012D86-6814-4DD1-B881-CFB0709C52CE}"
EndProject
Project("{FAE04EC0-301F-11D3-BF4B-00C04F79EFBC}") = "MinimalApi.Template", "MinimalApi.Template\MinimalApi.Template.csproj", "{1F7FC143-12E7-4A62-9E9B-C01DA16868FE}"
EndProject
Project("{2150E333-8FDC-42A3-9474-1A3956D46DE8}") = "Scaffold", "Scaffold", "{F1FF71D3-0126-4F2B-8418-FB517561E688}"
EndProject
Project("{2150E333-8FDC-42A3-9474-1A3956D46DE8}") = "Practical", "Practical", "{B4C0F486-0E8C-4F31-BC45-3C3F1C8EA045}"
EndProject
Project("{FAE04EC0-301F-11D3-BF4B-00C04F79EFBC}") = "MinimalApi.Clean.Entry", "MinimalApi.Clean.Entry\MinimalApi.Clean.Entry.csproj", "{FD56A96D-4716-4C0D-9C06-24102994C022}"
EndProject
Project("{2150E333-8FDC-42A3-9474-1A3956D46DE8}") = "Clean", "Clean", "{BD13921F-684E-479E-B45A-1C4C18C144B7}"
EndProject
Project("{FAE04EC0-301F-11D3-BF4B-00C04F79EFBC}") = "MinimalApi.Clean.Api", "MinimalApi.Clean.Api\MinimalApi.Clean.Api.csproj", "{552C66F5-591F-4C73-8CA4-2339D6FBC55E}"
EndProject
Project("{2150E333-8FDC-42A3-9474-1A3956D46DE8}") = "Solution Items", "Solution Items", "{D0402D56-B118-4E88-93DF-3AE03A5286C0}"
	ProjectSection(SolutionItems) = preProject
		Directory.Packages.props = Directory.Packages.props
		Directory.Build.props = Directory.Build.props
	EndProjectSection
EndProject
Project("{FAE04EC0-301F-11D3-BF4B-00C04F79EFBC}") = "MinimalApi.Clean.Infrastructure", "MinimalApi.Clean.Infrastructure\MinimalApi.Clean.Infrastructure.csproj", "{0DC52DDE-3D56-47F8-8F1D-00D825833C4A}"
EndProject
Project("{FAE04EC0-301F-11D3-BF4B-00C04F79EFBC}") = "MinimalApi.Clean.Domain", "MinimalApi.Clean.Domain\MinimalApi.Clean.Domain.csproj", "{E0C32BE5-8EC0-40C9-BFF2-FC9EE4B55E0F}"
EndProject
Project("{FAE04EC0-301F-11D3-BF4B-00C04F79EFBC}") = "MinimalApi.Clean.Application", "MinimalApi.Clean.Application\MinimalApi.Clean.Application.csproj", "{6233A0CB-396B-4F34-B4B6-935735769B6E}"
EndProject
Project("{FAE04EC0-301F-11D3-BF4B-00C04F79EFBC}") = "MinimalApi.Clean.Application.Tests", "MinimalApi.Clean.Application.Tests\MinimalApi.Clean.Application.Tests.csproj", "{E529C682-90D6-42A2-B193-6E4C2F49F3D3}"
EndProject
Project("{FAE04EC0-301F-11D3-BF4B-00C04F79EFBC}") = "MinimalAPI.Clean.Api.Tests", "MinimalAPI.Clean.Api.Tests\MinimalAPI.Clean.Api.Tests.csproj", "{E7B3963B-2724-494E-9DB7-2CAFE758D0F8}"
EndProject
Project("{2150E333-8FDC-42A3-9474-1A3956D46DE8}") = "Api", "Api", "{72FAE27A-32FC-4CCB-B9EF-8FE865C2E280}"
EndProject
Project("{2150E333-8FDC-42A3-9474-1A3956D46DE8}") = "Application", "Application", "{2914ADE9-3B1B-4814-B0A8-C6D84286EC1D}"
EndProject
Project("{2150E333-8FDC-42A3-9474-1A3956D46DE8}") = "Domain", "Domain", "{E6A3BEBF-3862-4625-8517-E74735BA7D43}"
EndProject
Project("{2150E333-8FDC-42A3-9474-1A3956D46DE8}") = "Infrastructure", "Infrastructure", "{8808CBA6-0398-4896-A9C5-C75980C8E0E6}"
EndProject
Project("{FAE04EC0-301F-11D3-BF4B-00C04F79EFBC}") = "MinimalApi.Clean.IntegrationTests", "MinimalApi.Clean.IntegrationTests\MinimalApi.Clean.IntegrationTests.csproj", "{258AD7D5-68CF-49FD-BC3B-08186D4FEACF}"
EndProject
Project("{FAE04EC0-301F-11D3-BF4B-00C04F79EFBC}") = "MinimalAPi.Clean.Infrastructure.Tests", "MinimalAPi.Clean.Infrastructure.Tests\MinimalAPi.Clean.Infrastructure.Tests.csproj", "{310F303B-2CD4-4986-A5B0-2DD5A93AA264}"
EndProject
Project("{FAE04EC0-301F-11D3-BF4B-00C04F79EFBC}") = "MinimalApi.Clean.Domain.Tests", "MinimalApi.Clean.Domain.Tests\MinimalApi.Clean.Domain.Tests.csproj", "{D8D9B487-03A5-4A64-9C53-BBBF44437B14}"
EndProject
Global
	GlobalSection(SolutionConfigurationPlatforms) = preSolution
		Debug|Any CPU = Debug|Any CPU
		Release|Any CPU = Release|Any CPU
	EndGlobalSection
	GlobalSection(ProjectConfigurationPlatforms) = postSolution
		{39012D86-6814-4DD1-B881-CFB0709C52CE}.Debug|Any CPU.ActiveCfg = Debug|Any CPU
		{39012D86-6814-4DD1-B881-CFB0709C52CE}.Debug|Any CPU.Build.0 = Debug|Any CPU
		{39012D86-6814-4DD1-B881-CFB0709C52CE}.Release|Any CPU.ActiveCfg = Release|Any CPU
		{39012D86-6814-4DD1-B881-CFB0709C52CE}.Release|Any CPU.Build.0 = Release|Any CPU
		{1F7FC143-12E7-4A62-9E9B-C01DA16868FE}.Debug|Any CPU.ActiveCfg = Debug|Any CPU
		{1F7FC143-12E7-4A62-9E9B-C01DA16868FE}.Debug|Any CPU.Build.0 = Debug|Any CPU
		{1F7FC143-12E7-4A62-9E9B-C01DA16868FE}.Release|Any CPU.ActiveCfg = Release|Any CPU
		{1F7FC143-12E7-4A62-9E9B-C01DA16868FE}.Release|Any CPU.Build.0 = Release|Any CPU
		{FD56A96D-4716-4C0D-9C06-24102994C022}.Debug|Any CPU.ActiveCfg = Debug|Any CPU
		{FD56A96D-4716-4C0D-9C06-24102994C022}.Debug|Any CPU.Build.0 = Debug|Any CPU
		{FD56A96D-4716-4C0D-9C06-24102994C022}.Release|Any CPU.ActiveCfg = Release|Any CPU
		{FD56A96D-4716-4C0D-9C06-24102994C022}.Release|Any CPU.Build.0 = Release|Any CPU
		{552C66F5-591F-4C73-8CA4-2339D6FBC55E}.Debug|Any CPU.ActiveCfg = Debug|Any CPU
		{552C66F5-591F-4C73-8CA4-2339D6FBC55E}.Debug|Any CPU.Build.0 = Debug|Any CPU
		{552C66F5-591F-4C73-8CA4-2339D6FBC55E}.Release|Any CPU.ActiveCfg = Release|Any CPU
		{552C66F5-591F-4C73-8CA4-2339D6FBC55E}.Release|Any CPU.Build.0 = Release|Any CPU
		{0DC52DDE-3D56-47F8-8F1D-00D825833C4A}.Debug|Any CPU.ActiveCfg = Debug|Any CPU
		{0DC52DDE-3D56-47F8-8F1D-00D825833C4A}.Debug|Any CPU.Build.0 = Debug|Any CPU
		{0DC52DDE-3D56-47F8-8F1D-00D825833C4A}.Release|Any CPU.ActiveCfg = Release|Any CPU
		{0DC52DDE-3D56-47F8-8F1D-00D825833C4A}.Release|Any CPU.Build.0 = Release|Any CPU
		{E0C32BE5-8EC0-40C9-BFF2-FC9EE4B55E0F}.Debug|Any CPU.ActiveCfg = Debug|Any CPU
		{E0C32BE5-8EC0-40C9-BFF2-FC9EE4B55E0F}.Debug|Any CPU.Build.0 = Debug|Any CPU
		{E0C32BE5-8EC0-40C9-BFF2-FC9EE4B55E0F}.Release|Any CPU.ActiveCfg = Release|Any CPU
		{E0C32BE5-8EC0-40C9-BFF2-FC9EE4B55E0F}.Release|Any CPU.Build.0 = Release|Any CPU
		{6233A0CB-396B-4F34-B4B6-935735769B6E}.Debug|Any CPU.ActiveCfg = Debug|Any CPU
		{6233A0CB-396B-4F34-B4B6-935735769B6E}.Debug|Any CPU.Build.0 = Debug|Any CPU
		{6233A0CB-396B-4F34-B4B6-935735769B6E}.Release|Any CPU.ActiveCfg = Release|Any CPU
		{6233A0CB-396B-4F34-B4B6-935735769B6E}.Release|Any CPU.Build.0 = Release|Any CPU
		{E529C682-90D6-42A2-B193-6E4C2F49F3D3}.Debug|Any CPU.ActiveCfg = Debug|Any CPU
		{E529C682-90D6-42A2-B193-6E4C2F49F3D3}.Debug|Any CPU.Build.0 = Debug|Any CPU
		{E529C682-90D6-42A2-B193-6E4C2F49F3D3}.Release|Any CPU.ActiveCfg = Release|Any CPU
		{E529C682-90D6-42A2-B193-6E4C2F49F3D3}.Release|Any CPU.Build.0 = Release|Any CPU
		{E7B3963B-2724-494E-9DB7-2CAFE758D0F8}.Debug|Any CPU.ActiveCfg = Debug|Any CPU
		{E7B3963B-2724-494E-9DB7-2CAFE758D0F8}.Debug|Any CPU.Build.0 = Debug|Any CPU
		{E7B3963B-2724-494E-9DB7-2CAFE758D0F8}.Release|Any CPU.ActiveCfg = Release|Any CPU
		{E7B3963B-2724-494E-9DB7-2CAFE758D0F8}.Release|Any CPU.Build.0 = Release|Any CPU
		{258AD7D5-68CF-49FD-BC3B-08186D4FEACF}.Debug|Any CPU.ActiveCfg = Debug|Any CPU
		{258AD7D5-68CF-49FD-BC3B-08186D4FEACF}.Debug|Any CPU.Build.0 = Debug|Any CPU
		{258AD7D5-68CF-49FD-BC3B-08186D4FEACF}.Release|Any CPU.ActiveCfg = Release|Any CPU
		{258AD7D5-68CF-49FD-BC3B-08186D4FEACF}.Release|Any CPU.Build.0 = Release|Any CPU
		{310F303B-2CD4-4986-A5B0-2DD5A93AA264}.Debug|Any CPU.ActiveCfg = Debug|Any CPU
		{310F303B-2CD4-4986-A5B0-2DD5A93AA264}.Debug|Any CPU.Build.0 = Debug|Any CPU
		{310F303B-2CD4-4986-A5B0-2DD5A93AA264}.Release|Any CPU.ActiveCfg = Release|Any CPU
		{310F303B-2CD4-4986-A5B0-2DD5A93AA264}.Release|Any CPU.Build.0 = Release|Any CPU
		{D8D9B487-03A5-4A64-9C53-BBBF44437B14}.Debug|Any CPU.ActiveCfg = Debug|Any CPU
		{D8D9B487-03A5-4A64-9C53-BBBF44437B14}.Debug|Any CPU.Build.0 = Debug|Any CPU
		{D8D9B487-03A5-4A64-9C53-BBBF44437B14}.Release|Any CPU.ActiveCfg = Release|Any CPU
		{D8D9B487-03A5-4A64-9C53-BBBF44437B14}.Release|Any CPU.Build.0 = Release|Any CPU
	EndGlobalSection
	GlobalSection(SolutionProperties) = preSolution
		HideSolutionNode = FALSE
	EndGlobalSection
	GlobalSection(NestedProjects) = preSolution
		{39012D86-6814-4DD1-B881-CFB0709C52CE} = {F1FF71D3-0126-4F2B-8418-FB517561E688}
		{1F7FC143-12E7-4A62-9E9B-C01DA16868FE} = {F1FF71D3-0126-4F2B-8418-FB517561E688}
		{BD13921F-684E-479E-B45A-1C4C18C144B7} = {B4C0F486-0E8C-4F31-BC45-3C3F1C8EA045}
		{FD56A96D-4716-4C0D-9C06-24102994C022} = {BD13921F-684E-479E-B45A-1C4C18C144B7}
		{72FAE27A-32FC-4CCB-B9EF-8FE865C2E280} = {BD13921F-684E-479E-B45A-1C4C18C144B7}
		{552C66F5-591F-4C73-8CA4-2339D6FBC55E} = {72FAE27A-32FC-4CCB-B9EF-8FE865C2E280}
		{E7B3963B-2724-494E-9DB7-2CAFE758D0F8} = {72FAE27A-32FC-4CCB-B9EF-8FE865C2E280}
		{2914ADE9-3B1B-4814-B0A8-C6D84286EC1D} = {BD13921F-684E-479E-B45A-1C4C18C144B7}
		{E529C682-90D6-42A2-B193-6E4C2F49F3D3} = {2914ADE9-3B1B-4814-B0A8-C6D84286EC1D}
		{6233A0CB-396B-4F34-B4B6-935735769B6E} = {2914ADE9-3B1B-4814-B0A8-C6D84286EC1D}
		{E6A3BEBF-3862-4625-8517-E74735BA7D43} = {BD13921F-684E-479E-B45A-1C4C18C144B7}
		{E0C32BE5-8EC0-40C9-BFF2-FC9EE4B55E0F} = {E6A3BEBF-3862-4625-8517-E74735BA7D43}
		{8808CBA6-0398-4896-A9C5-C75980C8E0E6} = {BD13921F-684E-479E-B45A-1C4C18C144B7}
		{0DC52DDE-3D56-47F8-8F1D-00D825833C4A} = {8808CBA6-0398-4896-A9C5-C75980C8E0E6}
		{258AD7D5-68CF-49FD-BC3B-08186D4FEACF} = {BD13921F-684E-479E-B45A-1C4C18C144B7}
		{310F303B-2CD4-4986-A5B0-2DD5A93AA264} = {8808CBA6-0398-4896-A9C5-C75980C8E0E6}
		{D8D9B487-03A5-4A64-9C53-BBBF44437B14} = {E6A3BEBF-3862-4625-8517-E74735BA7D43}
	EndGlobalSection
EndGlobal
